
Microsoft Visual Studio Solution File, Format Version 12.00
# Visual Studio 15
VisualStudioVersion = 15.0.28307.1062
MinimumVisualStudioVersion = 10.0.40219.1
Project("{FAE04EC0-301F-11D3-BF4B-00C04F79EFBC}") = "meowsplit", "meowsplit\meowsplit.csproj", "{3491B09B-C4EB-4FF0-9A74-E6FE971F8495}"
EndProject
Project("{FAE04EC0-301F-11D3-BF4B-00C04F79EFBC}") = "meowtag", "meowtag\meowtag.csproj", "{7A949623-D3CA-4B34-8D66-EF8B35BEE8C1}"
EndProject
Project("{FAE04EC0-301F-11D3-BF4B-00C04F79EFBC}") = "meowcommon", "meow-common\meowcommon.csproj", "{BC8433F3-97B3-453D-A348-19AF01D2C76A}"
EndProject
Project("{FAE04EC0-301F-11D3-BF4B-00C04F79EFBC}") = "meowdisc", "meowdisc\meowdisc.csproj", "{A9482F92-E998-4906-B2B4-2BFF541185EA}"
EndProject
Project("{FAE04EC0-301F-11D3-BF4B-00C04F79EFBC}") = "meowlabel", "meowlabel\meowlabel.csproj", "{3AFBE2B8-5BBC-4B1F-950F-25B1C7780F70}"
EndProject
Project("{FAE04EC0-301F-11D3-BF4B-00C04F79EFBC}") = "meowconcat", "meowconcat\meowconcat.csproj", "{80427CDB-B324-4AC9-8342-AE9F5457694C}"
EndProject
Project("{2150E333-8FDC-42A3-9474-1A3956D46DE8}") = "Solution Items", "Solution Items", "{718957DB-5088-4979-B665-FC79AE958F68}"
	ProjectSection(SolutionItems) = preProject
		.gitignore = .gitignore
	EndProjectSection
EndProject
Global
	GlobalSection(SolutionConfigurationPlatforms) = preSolution
		Debug|Any CPU = Debug|Any CPU
		Release|Any CPU = Release|Any CPU
	EndGlobalSection
	GlobalSection(ProjectConfigurationPlatforms) = postSolution
		{3491B09B-C4EB-4FF0-9A74-E6FE971F8495}.Debug|Any CPU.ActiveCfg = Debug|Any CPU
		{3491B09B-C4EB-4FF0-9A74-E6FE971F8495}.Debug|Any CPU.Build.0 = Debug|Any CPU
		{3491B09B-C4EB-4FF0-9A74-E6FE971F8495}.Release|Any CPU.ActiveCfg = Release|Any CPU
		{3491B09B-C4EB-4FF0-9A74-E6FE971F8495}.Release|Any CPU.Build.0 = Release|Any CPU
		{7A949623-D3CA-4B34-8D66-EF8B35BEE8C1}.Debug|Any CPU.ActiveCfg = Debug|Any CPU
		{7A949623-D3CA-4B34-8D66-EF8B35BEE8C1}.Debug|Any CPU.Build.0 = Debug|Any CPU
		{7A949623-D3CA-4B34-8D66-EF8B35BEE8C1}.Release|Any CPU.ActiveCfg = Release|Any CPU
		{7A949623-D3CA-4B34-8D66-EF8B35BEE8C1}.Release|Any CPU.Build.0 = Release|Any CPU
		{BC8433F3-97B3-453D-A348-19AF01D2C76A}.Debug|Any CPU.ActiveCfg = Debug|Any CPU
		{BC8433F3-97B3-453D-A348-19AF01D2C76A}.Debug|Any CPU.Build.0 = Debug|Any CPU
		{BC8433F3-97B3-453D-A348-19AF01D2C76A}.Release|Any CPU.ActiveCfg = Release|Any CPU
		{BC8433F3-97B3-453D-A348-19AF01D2C76A}.Release|Any CPU.Build.0 = Release|Any CPU
		{A9482F92-E998-4906-B2B4-2BFF541185EA}.Debug|Any CPU.ActiveCfg = Debug|Any CPU
		{A9482F92-E998-4906-B2B4-2BFF541185EA}.Debug|Any CPU.Build.0 = Debug|Any CPU
		{A9482F92-E998-4906-B2B4-2BFF541185EA}.Release|Any CPU.ActiveCfg = Release|Any CPU
		{A9482F92-E998-4906-B2B4-2BFF541185EA}.Release|Any CPU.Build.0 = Release|Any CPU
		{3AFBE2B8-5BBC-4B1F-950F-25B1C7780F70}.Debug|Any CPU.ActiveCfg = Debug|Any CPU
		{3AFBE2B8-5BBC-4B1F-950F-25B1C7780F70}.Debug|Any CPU.Build.0 = Debug|Any CPU
		{3AFBE2B8-5BBC-4B1F-950F-25B1C7780F70}.Release|Any CPU.ActiveCfg = Release|Any CPU
		{3AFBE2B8-5BBC-4B1F-950F-25B1C7780F70}.Release|Any CPU.Build.0 = Release|Any CPU
		{80427CDB-B324-4AC9-8342-AE9F5457694C}.Debug|Any CPU.ActiveCfg = Debug|Any CPU
		{80427CDB-B324-4AC9-8342-AE9F5457694C}.Debug|Any CPU.Build.0 = Debug|Any CPU
		{80427CDB-B324-4AC9-8342-AE9F5457694C}.Release|Any CPU.ActiveCfg = Release|Any CPU
		{80427CDB-B324-4AC9-8342-AE9F5457694C}.Release|Any CPU.Build.0 = Release|Any CPU
	EndGlobalSection
	GlobalSection(SolutionProperties) = preSolution
		HideSolutionNode = FALSE
	EndGlobalSection
	GlobalSection(ExtensibilityGlobals) = postSolution
		SolutionGuid = {238429F2-4DE5-4BF6-A6D4-276B808A7BFF}
	EndGlobalSection
EndGlobal
